<?xml version="1.0" encoding="utf-8"?>
<Project ToolsVersion="4.0" xmlns="http://schemas.microsoft.com/developer/msbuild/2003">
  <ItemGroup>
    <Filter Include="Source Files">
      <UniqueIdentifier>{4FC737F1-C7A5-4376-A066-2A32D752A2FF}</UniqueIdentifier>
      <Extensions>cpp;c;cc;cxx;def;odl;idl;hpj;bat;asm;asmx</Extensions>
    </Filter>
    <Filter Include="Header Files">
      <UniqueIdentifier>{93995380-89BD-4b04-88EB-625FBE52EBFB}</UniqueIdentifier>
      <Extensions>h;hh;hpp;hxx;hm;inl;inc;ipp;xsd</Extensions>
    </Filter>
    <Filter Include="Resource Files">
      <UniqueIdentifier>{67DA6AB6-F800-4c08-8B7A-83BB121AAD01}</UniqueIdentifier>
      <Extensions>rc;ico;cur;bmp;dlg;rc2;rct;bin;rgs;gif;jpg;jpeg;jpe;resx;tiff;tif;png;wav;mfcribbon-ms</Extensions>
    </Filter>
    <Filter Include="Header Files\d3d11">
      <UniqueIdentifier>{758cb0ac-c7da-4d81-a9d0-8a28d60431b1}</UniqueIdentifier>
    </Filter>
    <Filter Include="Source Files\d3d11">
      <UniqueIdentifier>{b99255f0-be25-4855-aefa-d0e731d035fa}</UniqueIdentifier>
    </Filter>
    <Filter Include="Header Files\d3d11\wrapper">
      <UniqueIdentifier>{6c9a39b9-5a34-4faf-a36c-2d986faa598b}</UniqueIdentifier>
    </Filter>
  </ItemGroup>
  <ItemGroup>
    <ClCompile Include="src\dllmain.cpp">
      <Filter>Source Files</Filter>
    </ClCompile>
    <ClCompile Include="src\d3d11\d3d11.cpp">
      <Filter>Source Files\d3d11</Filter>
    </ClCompile>
    <ClCompile Include="src\d3d11\exports_.cpp">
      <Filter>Source Files\d3d11</Filter>
    </ClCompile>
  </ItemGroup>
  <ItemGroup>
    <ClInclude Include="include\d3d11\exports.h">
      <Filter>Header Files\d3d11</Filter>
    </ClInclude>
    <ClInclude Include="include\d3d11\main.h">
      <Filter>Header Files\d3d11</Filter>
    </ClInclude>
    <ClInclude Include="include\dllmain.h">
      <Filter>Header Files</Filter>
    </ClInclude>
  </ItemGroup>
  <ItemGroup>
    <None Include="src\d3d11\exports.def">
      <Filter>Source Files\d3d11</Filter>
    </None>
  </ItemGroup>
</Project>